{
  "name": "station-clock-pebble",
  "version": "1.0.0",
  "lockfileVersion": 3,
  "requires": true,
  "packages": {
    "": {
      "name": "station-clock-pebble",
      "version": "1.0.0",
      "dependencies": {
        "pebble-clay": "^1.0.4"
      }
    },
    "node_modules/pebble-clay": {
      "version": "1.0.4",
      "license": "MIT"
    }
  }
}
